
Microsoft Visual Studio Solution File, Format Version 12.00
# Visual Studio Version 16
VisualStudioVersion = 16.0.30524.135
MinimumVisualStudioVersion = 10.0.40219.1
Project("{9A19103F-16F7-4668-BE54-9A1E7A4F7556}") = "Eml.Extensions", "Eml.Extensions\Eml.Extensions.csproj", "{8DC93F2B-39D0-45D8-8387-16F189E1E1A6}"
EndProject
Project("{2150E333-8FDC-42A3-9474-1A3956D46DE8}") = "Tests", "Tests", "{8E9642D3-7A20-4C78-AD63-216DB60E664F}"
EndProject
Project("{2150E333-8FDC-42A3-9474-1A3956D46DE8}") = "TestArtifactsNetCore", "TestArtifactsNetCore", "{B569289F-17D0-43F1-8B28-6BB8F5C80B1C}"
EndProject
Project("{9A19103F-16F7-4668-BE54-9A1E7A4F7556}") = "Assembly1", "Tests\TestArtifactsNetCore\Assembly1\Assembly1.csproj", "{C8787308-8BCA-4B79-9200-C43456329CC4}"
EndProject
Project("{9A19103F-16F7-4668-BE54-9A1E7A4F7556}") = "Assembly2", "Tests\TestArtifactsNetCore\Assembly2\Assembly2.csproj", "{F0A24EA1-F8A8-490B-B288-9906DB42E37B}"
EndProject
Project("{9A19103F-16F7-4668-BE54-9A1E7A4F7556}") = "Eml.Extensions.Tests.Integration.NetCore", "Tests\Eml.Extensions.Tests.Integration.NetCore\Eml.Extensions.Tests.Integration.NetCore.csproj", "{58224342-8C31-4103-94D8-010905AB9170}"
EndProject
Project("{9A19103F-16F7-4668-BE54-9A1E7A4F7556}") = "EmlSolutions", "Tests\TestArtifactsNetCore\EmlSolutions\EmlSolutions.csproj", "{414D31A0-0BBB-4C06-A426-D47D5FECB37D}"
EndProject
Global
	GlobalSection(SolutionConfigurationPlatforms) = preSolution
		Debug|Any CPU = Debug|Any CPU
		Release|Any CPU = Release|Any CPU
	EndGlobalSection
	GlobalSection(ProjectConfigurationPlatforms) = postSolution
		{8DC93F2B-39D0-45D8-8387-16F189E1E1A6}.Debug|Any CPU.ActiveCfg = Debug|Any CPU
		{8DC93F2B-39D0-45D8-8387-16F189E1E1A6}.Debug|Any CPU.Build.0 = Debug|Any CPU
		{8DC93F2B-39D0-45D8-8387-16F189E1E1A6}.Release|Any CPU.ActiveCfg = Release|Any CPU
		{8DC93F2B-39D0-45D8-8387-16F189E1E1A6}.Release|Any CPU.Build.0 = Release|Any CPU
		{C8787308-8BCA-4B79-9200-C43456329CC4}.Debug|Any CPU.ActiveCfg = Debug|Any CPU
		{C8787308-8BCA-4B79-9200-C43456329CC4}.Debug|Any CPU.Build.0 = Debug|Any CPU
		{C8787308-8BCA-4B79-9200-C43456329CC4}.Release|Any CPU.ActiveCfg = Release|Any CPU
		{C8787308-8BCA-4B79-9200-C43456329CC4}.Release|Any CPU.Build.0 = Release|Any CPU
		{F0A24EA1-F8A8-490B-B288-9906DB42E37B}.Debug|Any CPU.ActiveCfg = Debug|Any CPU
		{F0A24EA1-F8A8-490B-B288-9906DB42E37B}.Debug|Any CPU.Build.0 = Debug|Any CPU
		{F0A24EA1-F8A8-490B-B288-9906DB42E37B}.Release|Any CPU.ActiveCfg = Release|Any CPU
		{F0A24EA1-F8A8-490B-B288-9906DB42E37B}.Release|Any CPU.Build.0 = Release|Any CPU
		{58224342-8C31-4103-94D8-010905AB9170}.Debug|Any CPU.ActiveCfg = Debug|Any CPU
		{58224342-8C31-4103-94D8-010905AB9170}.Debug|Any CPU.Build.0 = Debug|Any CPU
		{58224342-8C31-4103-94D8-010905AB9170}.Release|Any CPU.ActiveCfg = Release|Any CPU
		{58224342-8C31-4103-94D8-010905AB9170}.Release|Any CPU.Build.0 = Release|Any CPU
		{414D31A0-0BBB-4C06-A426-D47D5FECB37D}.Debug|Any CPU.ActiveCfg = Debug|Any CPU
		{414D31A0-0BBB-4C06-A426-D47D5FECB37D}.Debug|Any CPU.Build.0 = Debug|Any CPU
		{414D31A0-0BBB-4C06-A426-D47D5FECB37D}.Release|Any CPU.ActiveCfg = Release|Any CPU
		{414D31A0-0BBB-4C06-A426-D47D5FECB37D}.Release|Any CPU.Build.0 = Release|Any CPU
	EndGlobalSection
	GlobalSection(SolutionProperties) = preSolution
		HideSolutionNode = FALSE
	EndGlobalSection
	GlobalSection(NestedProjects) = preSolution
		{B569289F-17D0-43F1-8B28-6BB8F5C80B1C} = {8E9642D3-7A20-4C78-AD63-216DB60E664F}
		{C8787308-8BCA-4B79-9200-C43456329CC4} = {B569289F-17D0-43F1-8B28-6BB8F5C80B1C}
		{F0A24EA1-F8A8-490B-B288-9906DB42E37B} = {B569289F-17D0-43F1-8B28-6BB8F5C80B1C}
		{58224342-8C31-4103-94D8-010905AB9170} = {8E9642D3-7A20-4C78-AD63-216DB60E664F}
		{414D31A0-0BBB-4C06-A426-D47D5FECB37D} = {B569289F-17D0-43F1-8B28-6BB8F5C80B1C}
	EndGlobalSection
	GlobalSection(ExtensibilityGlobals) = postSolution
		SolutionGuid = {DBA8F2D7-53C7-42A7-96DE-04376EB0B4E0}
	EndGlobalSection
EndGlobal
